
Microsoft Visual Studio Solution File, Format Version 12.00
# Visual Studio Version 17
VisualStudioVersion = 17.14.36121.58
MinimumVisualStudioVersion = 10.0.40219.1
Project("{FAE04EC0-301F-11D3-BF4B-00C04F79EFBC}") = "HorseRace", "HorseRace\HorseRace.csproj", "{77FDCF9E-C177-4DB6-9903-F3CE140D7B29}"
EndProject
Project("{FAE04EC0-301F-11D3-BF4B-00C04F79EFBC}") = "BibliotekaWspolna", "BibliotekaWspolna\BibliotekaWspolna.csproj", "{8A814BE2-062D-4197-8EAA-22549202DFC2}"
EndProject
Project("{FAE04EC0-301F-11D3-BF4B-00C04F79EFBC}") = "KonieGKlasa", "KonieGKlasa\KonieGKlasa.csproj", "{E7FA61E3-9B36-45B1-BF3A-EF5C3D1804CE}"
EndProject
Global
	GlobalSection(SolutionConfigurationPlatforms) = preSolution
		Debug|Any CPU = Debug|Any CPU
		Release|Any CPU = Release|Any CPU
	EndGlobalSection
	GlobalSection(ProjectConfigurationPlatforms) = postSolution
		{77FDCF9E-C177-4DB6-9903-F3CE140D7B29}.Debug|Any CPU.ActiveCfg = Debug|Any CPU
		{77FDCF9E-C177-4DB6-9903-F3CE140D7B29}.Debug|Any CPU.Build.0 = Debug|Any CPU
		{77FDCF9E-C177-4DB6-9903-F3CE140D7B29}.Release|Any CPU.ActiveCfg = Release|Any CPU
		{77FDCF9E-C177-4DB6-9903-F3CE140D7B29}.Release|Any CPU.Build.0 = Release|Any CPU
		{8A814BE2-062D-4197-8EAA-22549202DFC2}.Debug|Any CPU.ActiveCfg = Debug|Any CPU
		{8A814BE2-062D-4197-8EAA-22549202DFC2}.Debug|Any CPU.Build.0 = Debug|Any CPU
		{8A814BE2-062D-4197-8EAA-22549202DFC2}.Release|Any CPU.ActiveCfg = Release|Any CPU
		{8A814BE2-062D-4197-8EAA-22549202DFC2}.Release|Any CPU.Build.0 = Release|Any CPU
		{E7FA61E3-9B36-45B1-BF3A-EF5C3D1804CE}.Debug|Any CPU.ActiveCfg = Debug|Any CPU
		{E7FA61E3-9B36-45B1-BF3A-EF5C3D1804CE}.Debug|Any CPU.Build.0 = Debug|Any CPU
		{E7FA61E3-9B36-45B1-BF3A-EF5C3D1804CE}.Release|Any CPU.ActiveCfg = Release|Any CPU
		{E7FA61E3-9B36-45B1-BF3A-EF5C3D1804CE}.Release|Any CPU.Build.0 = Release|Any CPU
	EndGlobalSection
	GlobalSection(SolutionProperties) = preSolution
		HideSolutionNode = FALSE
	EndGlobalSection
	GlobalSection(ExtensibilityGlobals) = postSolution
		SolutionGuid = {3A8ADFB7-5434-422A-A5B5-0CC27A36F7F7}
	EndGlobalSection
EndGlobal
